// !$*UTF8*$!
{
	archiveVersion = 1;
	classes = {
	};
	objectVersion = 50;
	objects = {

/* Begin PBXBuildFile section */
		22693BB026086BAF00E0DF6D /* AppDelegate.swift in Sources */ = {isa = PBXBuildFile; fileRef = 22693BAF26086BAF00E0DF6D /* AppDelegate.swift */; };
		22693BB226086BAF00E0DF6D /* SceneDelegate.swift in Sources */ = {isa = PBXBuildFile; fileRef = 22693BB126086BAF00E0DF6D /* SceneDelegate.swift */; };
		22693BB426086BAF00E0DF6D /* ViewController.swift in Sources */ = {isa = PBXBuildFile; fileRef = 22693BB326086BAF00E0DF6D /* ViewController.swift */; };
		22693BB726086BAF00E0DF6D /* Main.storyboard in Resources */ = {isa = PBXBuildFile; fileRef = 22693BB526086BAF00E0DF6D /* Main.storyboard */; };
		22693BB926086BB300E0DF6D /* Assets.xcassets in Resources */ = {isa = PBXBuildFile; fileRef = 22693BB826086BB300E0DF6D /* Assets.xcassets */; };
		22693BBC26086BB300E0DF6D /* LaunchScreen.storyboard in Resources */ = {isa = PBXBuildFile; fileRef = 22693BBA26086BB300E0DF6D /* LaunchScreen.storyboard */; };
		22A74D9126097FC300B0C680 /* CollectionViewDataSource.swift in Sources */ = {isa = PBXBuildFile; fileRef = 22A74D9026097FC300B0C680 /* CollectionViewDataSource.swift */; };
		22A74D942609813100B0C680 /* PhotosCollectionView.swift in Sources */ = {isa = PBXBuildFile; fileRef = 22A74D932609813100B0C680 /* PhotosCollectionView.swift */; };
		22B73789260B1B5F008C83CE /* Doodle.swift in Sources */ = {isa = PBXBuildFile; fileRef = 22B73788260B1B5F008C83CE /* Doodle.swift */; };
		B0EF6BB826098A97001F0DCC /* CustomCell.swift in Sources */ = {isa = PBXBuildFile; fileRef = B0EF6BB726098A97001F0DCC /* CustomCell.swift */; };
		B0EF6BBF260B0DE9001F0DCC /* DoodleViewController.swift in Sources */ = {isa = PBXBuildFile; fileRef = B0EF6BBE260B0DE9001F0DCC /* DoodleViewController.swift */; };
		B0EF6BC2260B11A3001F0DCC /* Doodle.storyboard in Resources */ = {isa = PBXBuildFile; fileRef = B0EF6BC1260B11A3001F0DCC /* Doodle.storyboard */; };
		B0EF6BC6260C2997001F0DCC /* PhotoManager.swift in Sources */ = {isa = PBXBuildFile; fileRef = B0EF6BC5260C2997001F0DCC /* PhotoManager.swift */; };
/* End PBXBuildFile section */

/* Begin PBXFileReference section */
		22693BAC26086BAF00E0DF6D /* PhotosApp.app */ = {isa = PBXFileReference; explicitFileType = wrapper.application; includeInIndex = 0; path = PhotosApp.app; sourceTree = BUILT_PRODUCTS_DIR; };
		22693BAF26086BAF00E0DF6D /* AppDelegate.swift */ = {isa = PBXFileReference; lastKnownFileType = sourcecode.swift; path = AppDelegate.swift; sourceTree = "<group>"; };
		22693BB126086BAF00E0DF6D /* SceneDelegate.swift */ = {isa = PBXFileReference; lastKnownFileType = sourcecode.swift; path = SceneDelegate.swift; sourceTree = "<group>"; };
		22693BB326086BAF00E0DF6D /* ViewController.swift */ = {isa = PBXFileReference; lastKnownFileType = sourcecode.swift; path = ViewController.swift; sourceTree = "<group>"; };
		22693BB626086BAF00E0DF6D /* Base */ = {isa = PBXFileReference; lastKnownFileType = file.storyboard; name = Base; path = Base.lproj/Main.storyboard; sourceTree = "<group>"; };
		22693BB826086BB300E0DF6D /* Assets.xcassets */ = {isa = PBXFileReference; lastKnownFileType = folder.assetcatalog; path = Assets.xcassets; sourceTree = "<group>"; };
		22693BBB26086BB300E0DF6D /* Base */ = {isa = PBXFileReference; lastKnownFileType = file.storyboard; name = Base; path = Base.lproj/LaunchScreen.storyboard; sourceTree = "<group>"; };
		22693BBD26086BB300E0DF6D /* Info.plist */ = {isa = PBXFileReference; lastKnownFileType = text.plist.xml; path = Info.plist; sourceTree = "<group>"; };
		22A74D9026097FC300B0C680 /* CollectionViewDataSource.swift */ = {isa = PBXFileReference; lastKnownFileType = sourcecode.swift; path = CollectionViewDataSource.swift; sourceTree = "<group>"; };
		22A74D932609813100B0C680 /* PhotosCollectionView.swift */ = {isa = PBXFileReference; lastKnownFileType = sourcecode.swift; path = PhotosCollectionView.swift; sourceTree = "<group>"; };
		22B73788260B1B5F008C83CE /* Doodle.swift */ = {isa = PBXFileReference; lastKnownFileType = sourcecode.swift; path = Doodle.swift; sourceTree = "<group>"; };
		B0EF6BB726098A97001F0DCC /* CustomCell.swift */ = {isa = PBXFileReference; lastKnownFileType = sourcecode.swift; path = CustomCell.swift; sourceTree = "<group>"; };
		B0EF6BBE260B0DE9001F0DCC /* DoodleViewController.swift */ = {isa = PBXFileReference; lastKnownFileType = sourcecode.swift; path = DoodleViewController.swift; sourceTree = "<group>"; };
		B0EF6BC1260B11A3001F0DCC /* Doodle.storyboard */ = {isa = PBXFileReference; lastKnownFileType = file.storyboard; path = Doodle.storyboard; sourceTree = "<group>"; };
		B0EF6BC5260C2997001F0DCC /* PhotoManager.swift */ = {isa = PBXFileReference; lastKnownFileType = sourcecode.swift; path = PhotoManager.swift; sourceTree = "<group>"; };
/* End PBXFileReference section */

/* Begin PBXFrameworksBuildPhase section */
		22693BA926086BAF00E0DF6D /* Frameworks */ = {
			isa = PBXFrameworksBuildPhase;
			buildActionMask = 2147483647;
			files = (
			);
			runOnlyForDeploymentPostprocessing = 0;
		};
/* End PBXFrameworksBuildPhase section */

/* Begin PBXGroup section */
		22693BA326086BAF00E0DF6D = {
			isa = PBXGroup;
			children = (
				22693BAE26086BAF00E0DF6D /* PhotosApp */,
				22693BAD26086BAF00E0DF6D /* Products */,
			);
			sourceTree = "<group>";
		};
		22693BAD26086BAF00E0DF6D /* Products */ = {
			isa = PBXGroup;
			children = (
				22693BAC26086BAF00E0DF6D /* PhotosApp.app */,
			);
			name = Products;
			sourceTree = "<group>";
		};
		22693BAE26086BAF00E0DF6D /* PhotosApp */ = {
			isa = PBXGroup;
			children = (
				22693BAF26086BAF00E0DF6D /* AppDelegate.swift */,
				22693BB126086BAF00E0DF6D /* SceneDelegate.swift */,
				22693BB326086BAF00E0DF6D /* ViewController.swift */,
				22A74D9026097FC300B0C680 /* CollectionViewDataSource.swift */,
				22A74D932609813100B0C680 /* PhotosCollectionView.swift */,
				22B73788260B1B5F008C83CE /* Doodle.swift */,
				22693BB526086BAF00E0DF6D /* Main.storyboard */,
				22693BB826086BB300E0DF6D /* Assets.xcassets */,
				22693BBA26086BB300E0DF6D /* LaunchScreen.storyboard */,
				22693BBD26086BB300E0DF6D /* Info.plist */,
				B0EF6BB726098A97001F0DCC /* CustomCell.swift */,
				B0EF6BBE260B0DE9001F0DCC /* DoodleViewController.swift */,
				B0EF6BC1260B11A3001F0DCC /* Doodle.storyboard */,
				B0EF6BC5260C2997001F0DCC /* PhotoManager.swift */,
			);
			path = PhotosApp;
			sourceTree = "<group>";
		};
/* End PBXGroup section */

/* Begin PBXNativeTarget section */
		22693BAB26086BAF00E0DF6D /* PhotosApp */ = {
			isa = PBXNativeTarget;
			buildConfigurationList = 22693BC026086BB300E0DF6D /* Build configuration list for PBXNativeTarget "PhotosApp" */;
			buildPhases = (
				22693BA826086BAF00E0DF6D /* Sources */,
				22693BA926086BAF00E0DF6D /* Frameworks */,
				22693BAA26086BAF00E0DF6D /* Resources */,
			);
			buildRules = (
			);
			dependencies = (
			);
			name = PhotosApp;
			productName = PhotosApp;
			productReference = 22693BAC26086BAF00E0DF6D /* PhotosApp.app */;
			productType = "com.apple.product-type.application";
		};
/* End PBXNativeTarget section */

/* Begin PBXProject section */
		22693BA426086BAF00E0DF6D /* Project object */ = {
			isa = PBXProject;
			attributes = {
				LastSwiftUpdateCheck = 1240;
				LastUpgradeCheck = 1240;
				TargetAttributes = {
					22693BAB26086BAF00E0DF6D = {
						CreatedOnToolsVersion = 12.4;
					};
				};
			};
			buildConfigurationList = 22693BA726086BAF00E0DF6D /* Build configuration list for PBXProject "PhotosApp" */;
			compatibilityVersion = "Xcode 9.3";
			developmentRegion = en;
			hasScannedForEncodings = 0;
			knownRegions = (
				en,
				Base,
			);
			mainGroup = 22693BA326086BAF00E0DF6D;
			productRefGroup = 22693BAD26086BAF00E0DF6D /* Products */;
			projectDirPath = "";
			projectRoot = "";
			targets = (
				22693BAB26086BAF00E0DF6D /* PhotosApp */,
			);
		};
/* End PBXProject section */

/* Begin PBXResourcesBuildPhase section */
		22693BAA26086BAF00E0DF6D /* Resources */ = {
			isa = PBXResourcesBuildPhase;
			buildActionMask = 2147483647;
			files = (
				22693BBC26086BB300E0DF6D /* LaunchScreen.storyboard in Resources */,
				22693BB926086BB300E0DF6D /* Assets.xcassets in Resources */,
				22693BB726086BAF00E0DF6D /* Main.storyboard in Resources */,
				B0EF6BC2260B11A3001F0DCC /* Doodle.storyboard in Resources */,
			);
			runOnlyForDeploymentPostprocessing = 0;
		};
/* End PBXResourcesBuildPhase section */

/* Begin PBXSourcesBuildPhase section */
		22693BA826086BAF00E0DF6D /* Sources */ = {
			isa = PBXSourcesBuildPhase;
			buildActionMask = 2147483647;
			files = (
				22693BB426086BAF00E0DF6D /* ViewController.swift in Sources */,
				22693BB026086BAF00E0DF6D /* AppDelegate.swift in Sources */,
				22A74D942609813100B0C680 /* PhotosCollectionView.swift in Sources */,
				B0EF6BC6260C2997001F0DCC /* PhotoManager.swift in Sources */,
				22693BB226086BAF00E0DF6D /* SceneDelegate.swift in Sources */,
				B0EF6BBF260B0DE9001F0DCC /* DoodleViewController.swift in Sources */,
				B0EF6BB826098A97001F0DCC /* CustomCell.swift in Sources */,
				22B73789260B1B5F008C83CE /* Doodle.swift in Sources */,
				22A74D9126097FC300B0C680 /* CollectionViewDataSource.swift in Sources */,
			);
			runOnlyForDeploymentPostprocessing = 0;
		};
/* End PBXSourcesBuildPhase section */

/* Begin PBXVariantGroup section */
		22693BB526086BAF00E0DF6D /* Main.storyboard */ = {
			isa = PBXVariantGroup;
			children = (
				22693BB626086BAF00E0DF6D /* Base */,
			);
			name = Main.storyboard;
			sourceTree = "<group>";
		};
		22693BBA26086BB300E0DF6D /* LaunchScreen.storyboard */ = {
			isa = PBXVariantGroup;
			children = (
				22693BBB26086BB300E0DF6D /* Base */,
			);
			name = LaunchScreen.storyboard;
			sourceTree = "<group>";
		};
/* End PBXVariantGroup section */

/* Begin XCBuildConfiguration section */
		22693BBE26086BB300E0DF6D /* Debug */ = {
			isa = XCBuildConfiguration;
			buildSettings = {
				ALWAYS_SEARCH_USER_PATHS = NO;
				CLANG_ANALYZER_NONNULL = YES;
				CLANG_ANALYZER_NUMBER_OBJECT_CONVERSION = YES_AGGRESSIVE;
				CLANG_CXX_LANGUAGE_STANDARD = "gnu++14";
				CLANG_CXX_LIBRARY = "libc++";
				CLANG_ENABLE_MODULES = YES;
				CLANG_ENABLE_OBJC_ARC = YES;
				CLANG_ENABLE_OBJC_WEAK = YES;
				CLANG_WARN_BLOCK_CAPTURE_AUTORELEASING = YES;
				CLANG_WARN_BOOL_CONVERSION = YES;
				CLANG_WARN_COMMA = YES;
				CLANG_WARN_CONSTANT_CONVERSION = YES;
				CLANG_WARN_DEPRECATED_OBJC_IMPLEMENTATIONS = YES;
				CLANG_WARN_DIRECT_OBJC_ISA_USAGE = YES_ERROR;
				CLANG_WARN_DOCUMENTATION_COMMENTS = YES;
				CLANG_WARN_EMPTY_BODY = YES;
				CLANG_WARN_ENUM_CONVERSION = YES;
				CLANG_WARN_INFINITE_RECURSION = YES;
				CLANG_WARN_INT_CONVERSION = YES;
				CLANG_WARN_NON_LITERAL_NULL_CONVERSION = YES;
				CLANG_WARN_OBJC_IMPLICIT_RETAIN_SELF = YES;
				CLANG_WARN_OBJC_LITERAL_CONVERSION = YES;
				CLANG_WARN_OBJC_ROOT_CLASS = YES_ERROR;
				CLANG_WARN_QUOTED_INCLUDE_IN_FRAMEWORK_HEADER = YES;
				CLANG_WARN_RANGE_LOOP_ANALYSIS = YES;
				CLANG_WARN_STRICT_PROTOTYPES = YES;
				CLANG_WARN_SUSPICIOUS_MOVE = YES;
				CLANG_WARN_UNGUARDED_AVAILABILITY = YES_AGGRESSIVE;
				CLANG_WARN_UNREACHABLE_CODE = YES;
				CLANG_WARN__DUPLICATE_METHOD_MATCH = YES;
				COPY_PHASE_STRIP = NO;
				DEBUG_INFORMATION_FORMAT = dwarf;
				ENABLE_STRICT_OBJC_MSGSEND = YES;
				ENABLE_TESTABILITY = YES;
				GCC_C_LANGUAGE_STANDARD = gnu11;
				GCC_DYNAMIC_NO_PIC = NO;
				GCC_NO_COMMON_BLOCKS = YES;
				GCC_OPTIMIZATION_LEVEL = 0;
				GCC_PREPROCESSOR_DEFINITIONS = (
					"DEBUG=1",
					"$(inherited)",
				);
				GCC_WARN_64_TO_32_BIT_CONVERSION = YES;
				GCC_WARN_ABOUT_RETURN_TYPE = YES_ERROR;
				GCC_WARN_UNDECLARED_SELECTOR = YES;
				GCC_WARN_UNINITIALIZED_AUTOS = YES_AGGRESSIVE;
				GCC_WARN_UNUSED_FUNCTION = YES;
				GCC_WARN_UNUSED_VARIABLE = YES;
				IPHONEOS_DEPLOYMENT_TARGET = 14.4;
				MTL_ENABLE_DEBUG_INFO = INCLUDE_SOURCE;
				MTL_FAST_MATH = YES;
				ONLY_ACTIVE_ARCH = YES;
				SDKROOT = iphoneos;
				SWIFT_ACTIVE_COMPILATION_CONDITIONS = DEBUG;
				SWIFT_OPTIMIZATION_LEVEL = "-Onone";
			};
			name = Debug;
		};
		22693BBF26086BB300E0DF6D /* Release */ = {
			isa = XCBuildConfiguration;
			buildSettings = {
				ALWAYS_SEARCH_USER_PATHS = NO;
				CLANG_ANALYZER_NONNULL = YES;
				CLANG_ANALYZER_NUMBER_OBJECT_CONVERSION = YES_AGGRESSIVE;
				CLANG_CXX_LANGUAGE_STANDARD = "gnu++14";
				CLANG_CXX_LIBRARY = "libc++";
				CLANG_ENABLE_MODULES = YES;
				CLANG_ENABLE_OBJC_ARC = YES;
				CLANG_ENABLE_OBJC_WEAK = YES;
				CLANG_WARN_BLOCK_CAPTURE_AUTORELEASING = YES;
				CLANG_WARN_BOOL_CONVERSION = YES;
				CLANG_WARN_COMMA = YES;
				CLANG_WARN_CONSTANT_CONVERSION = YES;
				CLANG_WARN_DEPRECATED_OBJC_IMPLEMENTATIONS = YES;
				CLANG_WARN_DIRECT_OBJC_ISA_USAGE = YES_ERROR;
				CLANG_WARN_DOCUMENTATION_COMMENTS = YES;
				CLANG_WARN_EMPTY_BODY = YES;
				CLANG_WARN_ENUM_CONVERSION = YES;
				CLANG_WARN_INFINITE_RECURSION = YES;
				CLANG_WARN_INT_CONVERSION = YES;
				CLANG_WARN_NON_LITERAL_NULL_CONVERSION = YES;
				CLANG_WARN_OBJC_IMPLICIT_RETAIN_SELF = YES;
				CLANG_WARN_OBJC_LITERAL_CONVERSION = YES;
				CLANG_WARN_OBJC_ROOT_CLASS = YES_ERROR;
				CLANG_WARN_QUOTED_INCLUDE_IN_FRAMEWORK_HEADER = YES;
				CLANG_WARN_RANGE_LOOP_ANALYSIS = YES;
				CLANG_WARN_STRICT_PROTOTYPES = YES;
				CLANG_WARN_SUSPICIOUS_MOVE = YES;
				CLANG_WARN_UNGUARDED_AVAILABILITY = YES_AGGRESSIVE;
				CLANG_WARN_UNREACHABLE_CODE = YES;
				CLANG_WARN__DUPLICATE_METHOD_MATCH = YES;
				COPY_PHASE_STRIP = NO;
				DEBUG_INFORMATION_FORMAT = "dwarf-with-dsym";
				ENABLE_NS_ASSERTIONS = NO;
				ENABLE_STRICT_OBJC_MSGSEND = YES;
				GCC_C_LANGUAGE_STANDARD = gnu11;
				GCC_NO_COMMON_BLOCKS = YES;
				GCC_WARN_64_TO_32_BIT_CONVERSION = YES;
				GCC_WARN_ABOUT_RETURN_TYPE = YES_ERROR;
				GCC_WARN_UNDECLARED_SELECTOR = YES;
				GCC_WARN_UNINITIALIZED_AUTOS = YES_AGGRESSIVE;
				GCC_WARN_UNUSED_FUNCTION = YES;
				GCC_WARN_UNUSED_VARIABLE = YES;
				IPHONEOS_DEPLOYMENT_TARGET = 14.4;
				MTL_ENABLE_DEBUG_INFO = NO;
				MTL_FAST_MATH = YES;
				SDKROOT = iphoneos;
				SWIFT_COMPILATION_MODE = wholemodule;
				SWIFT_OPTIMIZATION_LEVEL = "-O";
				VALIDATE_PRODUCT = YES;
			};
			name = Release;
		};
		22693BC126086BB300E0DF6D /* Debug */ = {
			isa = XCBuildConfiguration;
			buildSettings = {
				ASSETCATALOG_COMPILER_APPICON_NAME = AppIcon;
				ASSETCATALOG_COMPILER_GLOBAL_ACCENT_COLOR_NAME = AccentColor;
				CODE_SIGN_STYLE = Automatic;
				DEVELOPMENT_TEAM = NY37VGJ3HF;
				INFOPLIST_FILE = PhotosApp/Info.plist;
				LD_RUNPATH_SEARCH_PATHS = (
					"$(inherited)",
					"@executable_path/Frameworks",
				);
				PRODUCT_BUNDLE_IDENTIFIER = kr.maylily.PhotosApp;
				PRODUCT_NAME = "$(TARGET_NAME)";
				SWIFT_VERSION = 5.0;
				TARGETED_DEVICE_FAMILY = "1,2";
			};
			name = Debug;
		};
		22693BC226086BB300E0DF6D /* Release */ = {
			isa = XCBuildConfiguration;
			buildSettings = {
				ASSETCATALOG_COMPILER_APPICON_NAME = AppIcon;
				ASSETCATALOG_COMPILER_GLOBAL_ACCENT_COLOR_NAME = AccentColor;
				CODE_SIGN_STYLE = Automatic;
				DEVELOPMENT_TEAM = NY37VGJ3HF;
				INFOPLIST_FILE = PhotosApp/Info.plist;
				LD_RUNPATH_SEARCH_PATHS = (
					"$(inherited)",
					"@executable_path/Frameworks",
				);
				PRODUCT_BUNDLE_IDENTIFIER = kr.maylily.PhotosApp;
				PRODUCT_NAME = "$(TARGET_NAME)";
				SWIFT_VERSION = 5.0;
				TARGETED_DEVICE_FAMILY = "1,2";
			};
			name = Release;
		};
/* End XCBuildConfiguration section */

/* Begin XCConfigurationList section */
		22693BA726086BAF00E0DF6D /* Build configuration list for PBXProject "PhotosApp" */ = {
			isa = XCConfigurationList;
			buildConfigurations = (
				22693BBE26086BB300E0DF6D /* Debug */,
				22693BBF26086BB300E0DF6D /* Release */,
			);
			defaultConfigurationIsVisible = 0;
			defaultConfigurationName = Release;
		};
		22693BC026086BB300E0DF6D /* Build configuration list for PBXNativeTarget "PhotosApp" */ = {
			isa = XCConfigurationList;
			buildConfigurations = (
				22693BC126086BB300E0DF6D /* Debug */,
				22693BC226086BB300E0DF6D /* Release */,
			);
			defaultConfigurationIsVisible = 0;
			defaultConfigurationName = Release;
		};
/* End XCConfigurationList section */
	};
	rootObject = 22693BA426086BAF00E0DF6D /* Project object */;
}
